
Microsoft Visual Studio Solution File, Format Version 12.00
# Visual Studio Version 16
VisualStudioVersion = 16.0.31410.357
MinimumVisualStudioVersion = 10.0.40219.1
Project("{FAE04EC0-301F-11D3-BF4B-00C04F79EFBC}") = "CursoMVC", "CursoMVC\CursoMVC.csproj", "{9D73C609-7CF9-49FC-96B3-275ADBD2DAC6}"
EndProject
Global
	GlobalSection(SolutionConfigurationPlatforms) = preSolution
		Debug|Any CPU = Debug|Any CPU
		Release|Any CPU = Release|Any CPU
	EndGlobalSection
	GlobalSection(ProjectConfigurationPlatforms) = postSolution
		{9D73C609-7CF9-49FC-96B3-275ADBD2DAC6}.Debug|Any CPU.ActiveCfg = Debug|Any CPU
		{9D73C609-7CF9-49FC-96B3-275ADBD2DAC6}.Debug|Any CPU.Build.0 = Debug|Any CPU
		{9D73C609-7CF9-49FC-96B3-275ADBD2DAC6}.Release|Any CPU.ActiveCfg = Release|Any CPU
		{9D73C609-7CF9-49FC-96B3-275ADBD2DAC6}.Release|Any CPU.Build.0 = Release|Any CPU
	EndGlobalSection
	GlobalSection(SolutionProperties) = preSolution
		HideSolutionNode = FALSE
	EndGlobalSection
	GlobalSection(ExtensibilityGlobals) = postSolution
		SolutionGuid = {75378E97-203E-4B0A-B60A-51F4EF41F209}
	EndGlobalSection
EndGlobal
